
Microsoft Visual Studio Solution File, Format Version 12.00
# Visual Studio 15
VisualStudioVersion = 15.0.27703.2042
MinimumVisualStudioVersion = 10.0.40219.1
Project("{FAE04EC0-301F-11D3-BF4B-00C04F79EFBC}") = "PersonalExerciseRecordUsingRepository", "PersonalExerciseRecordUsingRepository\PersonalExerciseRecordUsingRepository.csproj", "{B4037775-EB80-4AE7-B2B9-48FBA06EF715}"
EndProject
Global
	GlobalSection(SolutionConfigurationPlatforms) = preSolution
		Debug|Any CPU = Debug|Any CPU
		Release|Any CPU = Release|Any CPU
	EndGlobalSection
	GlobalSection(ProjectConfigurationPlatforms) = postSolution
		{B4037775-EB80-4AE7-B2B9-48FBA06EF715}.Debug|Any CPU.ActiveCfg = Debug|Any CPU
		{B4037775-EB80-4AE7-B2B9-48FBA06EF715}.Debug|Any CPU.Build.0 = Debug|Any CPU
		{B4037775-EB80-4AE7-B2B9-48FBA06EF715}.Release|Any CPU.ActiveCfg = Release|Any CPU
		{B4037775-EB80-4AE7-B2B9-48FBA06EF715}.Release|Any CPU.Build.0 = Release|Any CPU
	EndGlobalSection
	GlobalSection(SolutionProperties) = preSolution
		HideSolutionNode = FALSE
	EndGlobalSection
	GlobalSection(ExtensibilityGlobals) = postSolution
		SolutionGuid = {3DBB7B40-EB32-45EA-AC99-8AF2BC3470E9}
	EndGlobalSection
EndGlobal
